
Microsoft Visual Studio Solution File, Format Version 12.00
# Visual Studio 15
VisualStudioVersion = 15.0.27004.2002
MinimumVisualStudioVersion = 10.0.40219.1
Project("{FAE04EC0-301F-11D3-BF4B-00C04F79EFBC}") = "RedBlackTree", "RedBlackTree\RedBlackTree.csproj", "{AC9BEC7A-9D02-453E-8A71-8354519D0ADC}"
EndProject
Global
	GlobalSection(SolutionConfigurationPlatforms) = preSolution
		Debug|Any CPU = Debug|Any CPU
		Release|Any CPU = Release|Any CPU
	EndGlobalSection
	GlobalSection(ProjectConfigurationPlatforms) = postSolution
		{AC9BEC7A-9D02-453E-8A71-8354519D0ADC}.Debug|Any CPU.ActiveCfg = Debug|Any CPU
		{AC9BEC7A-9D02-453E-8A71-8354519D0ADC}.Debug|Any CPU.Build.0 = Debug|Any CPU
		{AC9BEC7A-9D02-453E-8A71-8354519D0ADC}.Release|Any CPU.ActiveCfg = Release|Any CPU
		{AC9BEC7A-9D02-453E-8A71-8354519D0ADC}.Release|Any CPU.Build.0 = Release|Any CPU
	EndGlobalSection
	GlobalSection(SolutionProperties) = preSolution
		HideSolutionNode = FALSE
	EndGlobalSection
	GlobalSection(ExtensibilityGlobals) = postSolution
		SolutionGuid = {EBFD9646-A0B8-491D-9A63-878A77E93AC0}
	EndGlobalSection
EndGlobal
